{
	"name": "hono-router",
	"version": "1.0.0",
	"lockfileVersion": 3,
	"requires": true,
	"packages": {
		"": {
			"name": "hono-router",
			"version": "1.0.0",
			"license": "ISC",
			"devDependencies": {
				"hono": "^4.5.3"
			}
		},
		"node_modules/hono": {
			"version": "4.5.3",
			"resolved": "https://registry.npmjs.org/hono/-/hono-4.5.3.tgz",
			"integrity": "sha512-r26WwwbKD3BAYdfB294knNnegNda7VfV1tVn66D9Kvl9WQTdrR+5eKdoeaQNHQcC3Gr0KBikzAtjd6VsRGVSaw==",
			"dev": true,
			"license": "MIT",
			"engines": {
				"node": ">=16.0.0"
			}
		}
	}
}
